
Microsoft Visual Studio Solution File, Format Version 12.00
# Visual Studio Version 17
VisualStudioVersion = 17.6.33723.286
MinimumVisualStudioVersion = 10.0.40219.1
Project("{9A19103F-16F7-4668-BE54-9A1E7A4F7556}") = "PizzaStore", "PizzaStore.csproj", "{361ABC01-0447-480F-8035-043DC8DF8AAA}"
EndProject
Global
	GlobalSection(SolutionConfigurationPlatforms) = preSolution
		Debug|Any CPU = Debug|Any CPU
		Release|Any CPU = Release|Any CPU
	EndGlobalSection
	GlobalSection(ProjectConfigurationPlatforms) = postSolution
		{361ABC01-0447-480F-8035-043DC8DF8AAA}.Debug|Any CPU.ActiveCfg = Debug|Any CPU
		{361ABC01-0447-480F-8035-043DC8DF8AAA}.Debug|Any CPU.Build.0 = Debug|Any CPU
		{361ABC01-0447-480F-8035-043DC8DF8AAA}.Release|Any CPU.ActiveCfg = Release|Any CPU
		{361ABC01-0447-480F-8035-043DC8DF8AAA}.Release|Any CPU.Build.0 = Release|Any CPU
	EndGlobalSection
	GlobalSection(SolutionProperties) = preSolution
		HideSolutionNode = FALSE
	EndGlobalSection
	GlobalSection(ExtensibilityGlobals) = postSolution
		SolutionGuid = {EF5AEBD5-878C-461F-9A4D-C3738DB5AC88}
	EndGlobalSection
EndGlobal
